
Microsoft Visual Studio Solution File, Format Version 12.00
# Visual Studio Version 17
VisualStudioVersion = 17.8.34408.163
MinimumVisualStudioVersion = 10.0.40219.1
Project("{FAE04EC0-301F-11D3-BF4B-00C04F79EFBC}") = "Valiant", "Valiant\Valiant.csproj", "{F35D5DA8-F1CC-4308-80D8-10FC74CDAB82}"
EndProject
Global
	GlobalSection(SolutionConfigurationPlatforms) = preSolution
		Debug|Any CPU = Debug|Any CPU
		Release|Any CPU = Release|Any CPU
	EndGlobalSection
	GlobalSection(ProjectConfigurationPlatforms) = postSolution
		{F35D5DA8-F1CC-4308-80D8-10FC74CDAB82}.Debug|Any CPU.ActiveCfg = Debug|Any CPU
		{F35D5DA8-F1CC-4308-80D8-10FC74CDAB82}.Debug|Any CPU.Build.0 = Debug|Any CPU
		{F35D5DA8-F1CC-4308-80D8-10FC74CDAB82}.Release|Any CPU.ActiveCfg = Release|Any CPU
		{F35D5DA8-F1CC-4308-80D8-10FC74CDAB82}.Release|Any CPU.Build.0 = Release|Any CPU
	EndGlobalSection
	GlobalSection(SolutionProperties) = preSolution
		HideSolutionNode = FALSE
	EndGlobalSection
	GlobalSection(ExtensibilityGlobals) = postSolution
		SolutionGuid = {89BC9542-21CB-4126-8608-3B2245730021}
	EndGlobalSection
EndGlobal
